
Microsoft Visual Studio Solution File, Format Version 12.00
# Visual Studio 14
VisualStudioVersion = 14.0.25123.0
MinimumVisualStudioVersion = 10.0.40219.1
Project("{FAE04EC0-301F-11D3-BF4B-00C04F79EFBC}") = "SyncPaint", "SyncPaint\SyncPaint.csproj", "{D08ED64D-47C8-4112-8AB9-22BBB28CE9F6}"
EndProject
Project("{54435603-DBB4-11D2-8724-00A0C9A8B90C}") = "同步手绘板", "同步手绘板\同步手绘板.vdproj", "{BE5323AE-BC9C-411A-86DC-4914CBBF09D6}"
EndProject
Global
	GlobalSection(SolutionConfigurationPlatforms) = preSolution
		Debug|Any CPU = Debug|Any CPU
		Release|Any CPU = Release|Any CPU
	EndGlobalSection
	GlobalSection(ProjectConfigurationPlatforms) = postSolution
		{D08ED64D-47C8-4112-8AB9-22BBB28CE9F6}.Debug|Any CPU.ActiveCfg = Debug|Any CPU
		{D08ED64D-47C8-4112-8AB9-22BBB28CE9F6}.Debug|Any CPU.Build.0 = Debug|Any CPU
		{D08ED64D-47C8-4112-8AB9-22BBB28CE9F6}.Release|Any CPU.ActiveCfg = Release|Any CPU
		{D08ED64D-47C8-4112-8AB9-22BBB28CE9F6}.Release|Any CPU.Build.0 = Release|Any CPU
		{BE5323AE-BC9C-411A-86DC-4914CBBF09D6}.Debug|Any CPU.ActiveCfg = Debug
		{BE5323AE-BC9C-411A-86DC-4914CBBF09D6}.Release|Any CPU.ActiveCfg = Release
	EndGlobalSection
	GlobalSection(SolutionProperties) = preSolution
		HideSolutionNode = FALSE
	EndGlobalSection
EndGlobal
